PODS:
  - AFNetworking (3.2.1):
    - AFNetworking/NSURLSession (= 3.2.1)
    - AFNetworking/Reachability (= 3.2.1)
    - AFNetworking/Security (= 3.2.1)
    - AFNetworking/Serialization (= 3.2.1)
    - AFNetworking/UIKit (= 3.2.1)
  - AFNetworking/NSURLSession (3.2.1):
    - AFNetworking/Reachability
    - AFNetworking/Security
    - AFNetworking/Serialization
  - AFNetworking/Reachability (3.2.1)
  - AFNetworking/Security (3.2.1)
  - AFNetworking/Serialization (3.2.1)
  - AFNetworking/UIKit (3.2.1):
    - AFNetworking/NSURLSession
  - SVProgressHUD (2.2.5)
  - XNNetWorkManager (0.1.19):
    - AFNetworking
    - SVProgressHUD
    - XNUtils
    - YYModel
  - XNUtils (0.2.2)
  - YYModel (1.0.4)

DEPENDENCIES:
  - XNNetWorkManager (from `../`)

SPEC REPOS:
  https://github.com/CocoaPods/Specs.git:
    - AFNetworking
    - SVProgressHUD
    - XNUtils
    - YYModel

EXTERNAL SOURCES:
  XNNetWorkManager:
    :path: "../"

SPEC CHECKSUMS:
  AFNetworking: b6f891fdfaed196b46c7a83cf209e09697b94057
  SVProgressHUD: 1428aafac632c1f86f62aa4243ec12008d7a51d6
  XNNetWorkManager: 59a957136b92dd6de4a430aab31f63eac81d66f2
  XNUtils: 0b73458258d19ad9ed72a8289c652c912658a9ca
  YYModel: 2a7fdd96aaa4b86a824e26d0c517de8928c04b30

PODFILE CHECKSUM: ca5cf40c40e6866309d00134c3ba78a71e03c923

COCOAPODS: 1.8.3
