PODS:
  - AFNetworking (3.2.1):
    - AFNetworking/NSURLSession (= 3.2.1)
    - AFNetworking/Reachability (= 3.2.1)
    - AFNetworking/Security (= 3.2.1)
    - AFNetworking/Serialization (= 3.2.1)
    - AFNetworking/UIKit (= 3.2.1)
  - AFNetworking/NSURLSession (3.2.1):
    - AFNetworking/Reachability
    - AFNetworking/Security
    - AFNetworking/Serialization
  - AFNetworking/Reachability (3.2.1)
  - AFNetworking/Security (3.2.1)
  - AFNetworking/Serialization (3.2.1)
  - AFNetworking/UIKit (3.2.1):
    - AFNetworking/NSURLSession
  - SVProgressHUD (2.2.5)
  - XNNetWorkManager (0.1.11):
    - AFNetworking
    - SVProgressHUD
    - XNUtils
  - XNUtils (0.2.2)

DEPENDENCIES:
  - XNNetWorkManager (from `../`)

SPEC REPOS:
  https://github.com/cocoapods/specs.git:
    - AFNetworking
    - SVProgressHUD
    - XNUtils

EXTERNAL SOURCES:
  XNNetWorkManager:
    :path: "../"

SPEC CHECKSUMS:
  AFNetworking: b6f891fdfaed196b46c7a83cf209e09697b94057
  SVProgressHUD: 1428aafac632c1f86f62aa4243ec12008d7a51d6
  XNNetWorkManager: af5c5fee17745fd9786862c89b13eb032d2a0f55
  XNUtils: 0b73458258d19ad9ed72a8289c652c912658a9ca

PODFILE CHECKSUM: ca5cf40c40e6866309d00134c3ba78a71e03c923

COCOAPODS: 1.7.1
