PODS:
  - AFNetworking (3.2.1):
    - AFNetworking/NSURLSession (= 3.2.1)
    - AFNetworking/Reachability (= 3.2.1)
    - AFNetworking/Security (= 3.2.1)
    - AFNetworking/Serialization (= 3.2.1)
    - AFNetworking/UIKit (= 3.2.1)
  - AFNetworking/NSURLSession (3.2.1):
    - AFNetworking/Reachability
    - AFNetworking/Security
    - AFNetworking/Serialization
  - AFNetworking/Reachability (3.2.1)
  - AFNetworking/Security (3.2.1)
  - AFNetworking/Serialization (3.2.1)
  - AFNetworking/UIKit (3.2.1):
    - AFNetworking/NSURLSession
  - XNNetWorkManager (0.1.0):
    - AFNetworking

DEPENDENCIES:
  - XNNetWorkManager (from `../`)

SPEC REPOS:
  https://github.com/cocoapods/specs.git:
    - AFNetworking

EXTERNAL SOURCES:
  XNNetWorkManager:
    :path: "../"

SPEC CHECKSUMS:
  AFNetworking: b6f891fdfaed196b46c7a83cf209e09697b94057
  XNNetWorkManager: 78ad1c8d210c077ffcaf45a3ec0470ae3ea2a67b

PODFILE CHECKSUM: ca5cf40c40e6866309d00134c3ba78a71e03c923

COCOAPODS: 1.7.1
